// !$*UTF8*$!
{
	archiveVersion = 1;
	classes = {
	};
	objectVersion = 50;
	objects = {

/* Begin PBXBuildFile section */
		6549B8E626D479660059C2FB /* Kitral.cpp in Sources */ = {isa = PBXBuildFile; fileRef = 6549B89A26D4795D0059C2FB /* Kitral.cpp */; };
		6549B8E726D479660059C2FB /* RandomizedGreedy.cpp in Sources */ = {isa = PBXBuildFile; fileRef = 6549B89B26D4795D0059C2FB /* RandomizedGreedy.cpp */; };
		6549B8E826D479660059C2FB /* RedNeuronal.cpp in Sources */ = {isa = PBXBuildFile; fileRef = 6549B89C26D4795D0059C2FB /* RedNeuronal.cpp */; };
		6549B8E926D479660059C2FB /* Solver.cpp in Sources */ = {isa = PBXBuildFile; fileRef = 6549B89D26D4795D0059C2FB /* Solver.cpp */; };
		6549B8EA26D479660059C2FB /* Parsing.cpp in Sources */ = {isa = PBXBuildFile; fileRef = 6549B8A026D4795E0059C2FB /* Parsing.cpp */; };
		6549B8EB26D479660059C2FB /* GreedyPorAfinidad.cpp in Sources */ = {isa = PBXBuildFile; fileRef = 6549B8A326D4795E0059C2FB /* GreedyPorAfinidad.cpp */; };
		6549B8EC26D479660059C2FB /* Calculos.cpp in Sources */ = {isa = PBXBuildFile; fileRef = 6549B8A426D4795E0059C2FB /* Calculos.cpp */; };
		6549B8ED26D479660059C2FB /* GreedyBaseline.cpp in Sources */ = {isa = PBXBuildFile; fileRef = 6549B8A726D4795F0059C2FB /* GreedyBaseline.cpp */; };
		6549B8EE26D479660059C2FB /* Parametros.cpp in Sources */ = {isa = PBXBuildFile; fileRef = 6549B8AE26D479600059C2FB /* Parametros.cpp */; };
		6549B8EF26D479660059C2FB /* Escritura.cpp in Sources */ = {isa = PBXBuildFile; fileRef = 6549B8AF26D479600059C2FB /* Escritura.cpp */; };
		6549B8F026D479660059C2FB /* Incompatibilidades.cpp in Sources */ = {isa = PBXBuildFile; fileRef = 6549B8B126D479600059C2FB /* Incompatibilidades.cpp */; };
		6549B8F126D479660059C2FB /* CommandLine.cpp in Sources */ = {isa = PBXBuildFile; fileRef = 6549B8B226D479600059C2FB /* CommandLine.cpp */; };
		6549B8F226D479660059C2FB /* BruteForce.cpp in Sources */ = {isa = PBXBuildFile; fileRef = 6549B8B526D479610059C2FB /* BruteForce.cpp */; };
		6549B8F326D479660059C2FB /* Logging.cpp in Sources */ = {isa = PBXBuildFile; fileRef = 6549B8D226D479620059C2FB /* Logging.cpp */; };
		6549B8F426D479660059C2FB /* keras_model.cc in Sources */ = {isa = PBXBuildFile; fileRef = 6549B8DD26D479640059C2FB /* keras_model.cc */; };
		6549B8F526D479660059C2FB /* Managers.cpp in Sources */ = {isa = PBXBuildFile; fileRef = 6549B8E126D479640059C2FB /* Managers.cpp */; };
		6549B8F926D47AF90059C2FB /* libgurobi90_light.dylib in Frameworks */ = {isa = PBXBuildFile; fileRef = 6549B8F826D47AF90059C2FB /* libgurobi90_light.dylib */; };
		6549B8FB26D47AFE0059C2FB /* libgurobi90.dylib in Frameworks */ = {isa = PBXBuildFile; fileRef = 6549B8FA26D47AFE0059C2FB /* libgurobi90.dylib */; };
		6549B8FE26D47CE10059C2FB /* main.cpp in Sources */ = {isa = PBXBuildFile; fileRef = 6549B8FD26D47CE10059C2FB /* main.cpp */; };
		654D4A9C26D5B7BA00F1F12A /* AnytimeRecorder.cpp in Sources */ = {isa = PBXBuildFile; fileRef = 654D4A9A26D5B7B900F1F12A /* AnytimeRecorder.cpp */; };
/* End PBXBuildFile section */

/* Begin PBXCopyFilesBuildPhase section */
		6549B88A26D4785C0059C2FB /* CopyFiles */ = {
			isa = PBXCopyFilesBuildPhase;
			buildActionMask = 2147483647;
			dstPath = /usr/share/man/man1/;
			dstSubfolderSpec = 0;
			files = (
			);
			runOnlyForDeploymentPostprocessing = 1;
		};
/* End PBXCopyFilesBuildPhase section */

/* Begin PBXFileReference section */
		6549B88C26D4785C0059C2FB /* solver-incendios */ = {isa = PBXFileReference; explicitFileType = "compiled.mach-o.executable"; includeInIndex = 0; path = "solver-incendios"; sourceTree = BUILT_PRODUCTS_DIR; };
		6549B89626D4795D0059C2FB /* Managers.hpp */ = {isa = PBXFileReference; fileEncoding = 4; lastKnownFileType = sourcecode.cpp.h; path = Managers.hpp; sourceTree = "<group>"; };
		6549B89726D4795D0059C2FB /* Parametros.hpp */ = {isa = PBXFileReference; fileEncoding = 4; lastKnownFileType = sourcecode.cpp.h; path = Parametros.hpp; sourceTree = "<group>"; };
		6549B89826D4795D0059C2FB /* Calculos.hpp */ = {isa = PBXFileReference; fileEncoding = 4; lastKnownFileType = sourcecode.cpp.h; path = Calculos.hpp; sourceTree = "<group>"; };
		6549B89926D4795D0059C2FB /* Estructuras.hpp */ = {isa = PBXFileReference; fileEncoding = 4; lastKnownFileType = sourcecode.cpp.h; path = Estructuras.hpp; sourceTree = "<group>"; };
		6549B89A26D4795D0059C2FB /* Kitral.cpp */ = {isa = PBXFileReference; fileEncoding = 4; lastKnownFileType = sourcecode.cpp.cpp; path = Kitral.cpp; sourceTree = "<group>"; };
		6549B89B26D4795D0059C2FB /* RandomizedGreedy.cpp */ = {isa = PBXFileReference; fileEncoding = 4; lastKnownFileType = sourcecode.cpp.cpp; path = RandomizedGreedy.cpp; sourceTree = "<group>"; };
		6549B89C26D4795D0059C2FB /* RedNeuronal.cpp */ = {isa = PBXFileReference; fileEncoding = 4; lastKnownFileType = sourcecode.cpp.cpp; path = RedNeuronal.cpp; sourceTree = "<group>"; };
		6549B89D26D4795D0059C2FB /* Solver.cpp */ = {isa = PBXFileReference; fileEncoding = 4; lastKnownFileType = sourcecode.cpp.cpp; path = Solver.cpp; sourceTree = "<group>"; };
		6549B89E26D4795E0059C2FB /* Escritura.hpp */ = {isa = PBXFileReference; fileEncoding = 4; lastKnownFileType = sourcecode.cpp.h; path = Escritura.hpp; sourceTree = "<group>"; };
		6549B89F26D4795E0059C2FB /* CommandLine.hpp */ = {isa = PBXFileReference; fileEncoding = 4; lastKnownFileType = sourcecode.cpp.h; path = CommandLine.hpp; sourceTree = "<group>"; };
		6549B8A026D4795E0059C2FB /* Parsing.cpp */ = {isa = PBXFileReference; fileEncoding = 4; lastKnownFileType = sourcecode.cpp.cpp; path = Parsing.cpp; sourceTree = "<group>"; };
		6549B8A126D4795E0059C2FB /* keras_model.h */ = {isa = PBXFileReference; fileEncoding = 4; lastKnownFileType = sourcecode.c.h; path = keras_model.h; sourceTree = "<group>"; };
		6549B8A326D4795E0059C2FB /* GreedyPorAfinidad.cpp */ = {isa = PBXFileReference; fileEncoding = 4; lastKnownFileType = sourcecode.cpp.cpp; path = GreedyPorAfinidad.cpp; sourceTree = "<group>"; };
		6549B8A426D4795E0059C2FB /* Calculos.cpp */ = {isa = PBXFileReference; fileEncoding = 4; lastKnownFileType = sourcecode.cpp.cpp; path = Calculos.cpp; sourceTree = "<group>"; };
		6549B8A526D4795E0059C2FB /* ParametrosDefault */ = {isa = PBXFileReference; fileEncoding = 4; lastKnownFileType = text; path = ParametrosDefault; sourceTree = "<group>"; };
		6549B8A626D4795F0059C2FB /* Predictor.hpp */ = {isa = PBXFileReference; fileEncoding = 4; lastKnownFileType = sourcecode.cpp.h; path = Predictor.hpp; sourceTree = "<group>"; };
		6549B8A726D4795F0059C2FB /* GreedyBaseline.cpp */ = {isa = PBXFileReference; fileEncoding = 4; lastKnownFileType = sourcecode.cpp.cpp; path = GreedyBaseline.cpp; sourceTree = "<group>"; };
		6549B8A826D4795F0059C2FB /* RedNeuronal.hpp */ = {isa = PBXFileReference; fileEncoding = 4; lastKnownFileType = sourcecode.cpp.h; path = RedNeuronal.hpp; sourceTree = "<group>"; };
		6549B8A926D4795F0059C2FB /* GreedyBaseline.hpp */ = {isa = PBXFileReference; fileEncoding = 4; lastKnownFileType = sourcecode.cpp.h; path = GreedyBaseline.hpp; sourceTree = "<group>"; };
		6549B8AA26D4795F0059C2FB /* RandomizedGreedy.hpp */ = {isa = PBXFileReference; fileEncoding = 4; lastKnownFileType = sourcecode.cpp.h; path = RandomizedGreedy.hpp; sourceTree = "<group>"; };
		6549B8AB26D4795F0059C2FB /* Incompatibilidades.hpp */ = {isa = PBXFileReference; fileEncoding = 4; lastKnownFileType = sourcecode.cpp.h; path = Incompatibilidades.hpp; sourceTree = "<group>"; };
		6549B8AC26D4795F0059C2FB /* Solver.hpp */ = {isa = PBXFileReference; fileEncoding = 4; lastKnownFileType = sourcecode.cpp.h; path = Solver.hpp; sourceTree = "<group>"; };
		6549B8AD26D479600059C2FB /* GreedyPorAfinidad.hpp */ = {isa = PBXFileReference; fileEncoding = 4; lastKnownFileType = sourcecode.cpp.h; path = GreedyPorAfinidad.hpp; sourceTree = "<group>"; };
		6549B8AE26D479600059C2FB /* Parametros.cpp */ = {isa = PBXFileReference; fileEncoding = 4; lastKnownFileType = sourcecode.cpp.cpp; path = Parametros.cpp; sourceTree = "<group>"; };
		6549B8AF26D479600059C2FB /* Escritura.cpp */ = {isa = PBXFileReference; fileEncoding = 4; lastKnownFileType = sourcecode.cpp.cpp; path = Escritura.cpp; sourceTree = "<group>"; };
		6549B8B126D479600059C2FB /* Incompatibilidades.cpp */ = {isa = PBXFileReference; fileEncoding = 4; lastKnownFileType = sourcecode.cpp.cpp; path = Incompatibilidades.cpp; sourceTree = "<group>"; };
		6549B8B226D479600059C2FB /* CommandLine.cpp */ = {isa = PBXFileReference; fileEncoding = 4; lastKnownFileType = sourcecode.cpp.cpp; path = CommandLine.cpp; sourceTree = "<group>"; };
		6549B8B326D479610059C2FB /* Kitral.hpp */ = {isa = PBXFileReference; fileEncoding = 4; lastKnownFileType = sourcecode.cpp.h; path = Kitral.hpp; sourceTree = "<group>"; };
		6549B8B526D479610059C2FB /* BruteForce.cpp */ = {isa = PBXFileReference; fileEncoding = 4; lastKnownFileType = sourcecode.cpp.cpp; path = BruteForce.cpp; sourceTree = "<group>"; };
		6549B8B726D479610059C2FB /* 4incendios.txt */ = {isa = PBXFileReference; fileEncoding = 4; lastKnownFileType = text; path = 4incendios.txt; sourceTree = "<group>"; };
		6549B8B826D479610059C2FB /* 2incendio.txt */ = {isa = PBXFileReference; fileEncoding = 4; lastKnownFileType = text; path = 2incendio.txt; sourceTree = "<group>"; };
		6549B8B926D479610059C2FB /* 1incendio.txt */ = {isa = PBXFileReference; fileEncoding = 4; lastKnownFileType = text; path = 1incendio.txt; sourceTree = "<group>"; };
		6549B8BA26D479610059C2FB /* HolderSolver.hpp */ = {isa = PBXFileReference; fileEncoding = 4; lastKnownFileType = sourcecode.cpp.h; path = HolderSolver.hpp; sourceTree = "<group>"; };
		6549B8D226D479620059C2FB /* Logging.cpp */ = {isa = PBXFileReference; fileEncoding = 4; lastKnownFileType = sourcecode.cpp.cpp; path = Logging.cpp; sourceTree = "<group>"; };
		6549B8D626D479620059C2FB /* area.dumped */ = {isa = PBXFileReference; fileEncoding = 4; lastKnownFileType = text; path = area.dumped; sourceTree = "<group>"; };
		6549B8D826D479620059C2FB /* perimetro.dumped */ = {isa = PBXFileReference; fileEncoding = 4; lastKnownFileType = text; path = perimetro.dumped; sourceTree = "<group>"; };
		6549B8DA26D479630059C2FB /* Logging.hpp */ = {isa = PBXFileReference; fileEncoding = 4; lastKnownFileType = sourcecode.cpp.h; path = Logging.hpp; sourceTree = "<group>"; };
		6549B8DC26D479630059C2FB /* Parsing.hpp */ = {isa = PBXFileReference; fileEncoding = 4; lastKnownFileType = sourcecode.cpp.h; path = Parsing.hpp; sourceTree = "<group>"; };
		6549B8DD26D479640059C2FB /* keras_model.cc */ = {isa = PBXFileReference; fileEncoding = 4; lastKnownFileType = sourcecode.cpp.cpp; path = keras_model.cc; sourceTree = "<group>"; };
		6549B8DE26D479640059C2FB /* Lectura.hpp */ = {isa = PBXFileReference; fileEncoding = 4; lastKnownFileType = sourcecode.cpp.h; path = Lectura.hpp; sourceTree = "<group>"; };
		6549B8DF26D479640059C2FB /* BruteForce.hpp */ = {isa = PBXFileReference; fileEncoding = 4; lastKnownFileType = sourcecode.cpp.h; path = BruteForce.hpp; sourceTree = "<group>"; };
		6549B8E026D479640059C2FB /* Defines.hpp */ = {isa = PBXFileReference; fileEncoding = 4; lastKnownFileType = sourcecode.cpp.h; path = Defines.hpp; sourceTree = "<group>"; };
		6549B8E126D479640059C2FB /* Managers.cpp */ = {isa = PBXFileReference; fileEncoding = 4; lastKnownFileType = sourcecode.cpp.cpp; path = Managers.cpp; sourceTree = "<group>"; };
		6549B8E226D479650059C2FB /* Tests.hpp */ = {isa = PBXFileReference; fileEncoding = 4; lastKnownFileType = sourcecode.cpp.h; path = Tests.hpp; sourceTree = "<group>"; };
		6549B8E326D479650059C2FB /* HolderPredictor.hpp */ = {isa = PBXFileReference; fileEncoding = 4; lastKnownFileType = sourcecode.cpp.h; path = HolderPredictor.hpp; sourceTree = "<group>"; };
		6549B8E526D479650059C2FB /* makefile */ = {isa = PBXFileReference; fileEncoding = 4; lastKnownFileType = sourcecode.make; path = makefile; sourceTree = "<group>"; };
		6549B8F826D47AF90059C2FB /* libgurobi90_light.dylib */ = {isa = PBXFileReference; lastKnownFileType = "compiled.mach-o.dylib"; name = libgurobi90_light.dylib; path = ../../../../../Library/gurobi903/mac64/lib/libgurobi90_light.dylib; sourceTree = "<group>"; };
		6549B8FA26D47AFE0059C2FB /* libgurobi90.dylib */ = {isa = PBXFileReference; lastKnownFileType = "compiled.mach-o.dylib"; name = libgurobi90.dylib; path = ../../../../../Library/gurobi903/mac64/lib/libgurobi90.dylib; sourceTree = "<group>"; };
		6549B8FD26D47CE10059C2FB /* main.cpp */ = {isa = PBXFileReference; fileEncoding = 4; lastKnownFileType = sourcecode.cpp.cpp; path = main.cpp; sourceTree = "<group>"; };
		654D4A9A26D5B7B900F1F12A /* AnytimeRecorder.cpp */ = {isa = PBXFileReference; fileEncoding = 4; lastKnownFileType = sourcecode.cpp.cpp; path = AnytimeRecorder.cpp; sourceTree = "<group>"; };
		654D4A9B26D5B7BA00F1F12A /* AnytimeRecorder.hpp */ = {isa = PBXFileReference; fileEncoding = 4; lastKnownFileType = sourcecode.cpp.h; path = AnytimeRecorder.hpp; sourceTree = "<group>"; };
/* End PBXFileReference section */

/* Begin PBXFrameworksBuildPhase section */
		6549B88926D4785C0059C2FB /* Frameworks */ = {
			isa = PBXFrameworksBuildPhase;
			buildActionMask = 2147483647;
			files = (
				6549B8F926D47AF90059C2FB /* libgurobi90_light.dylib in Frameworks */,
				6549B8FB26D47AFE0059C2FB /* libgurobi90.dylib in Frameworks */,
			);
			runOnlyForDeploymentPostprocessing = 0;
		};
/* End PBXFrameworksBuildPhase section */

/* Begin PBXGroup section */
		6549B88326D4785C0059C2FB = {
			isa = PBXGroup;
			children = (
				6549B8FD26D47CE10059C2FB /* main.cpp */,
				6549B8B526D479610059C2FB /* BruteForce.cpp */,
				6549B8DF26D479640059C2FB /* BruteForce.hpp */,
				6549B8A426D4795E0059C2FB /* Calculos.cpp */,
				6549B89826D4795D0059C2FB /* Calculos.hpp */,
				6549B8B226D479600059C2FB /* CommandLine.cpp */,
				6549B89F26D4795E0059C2FB /* CommandLine.hpp */,
				6549B8E026D479640059C2FB /* Defines.hpp */,
				6549B8AF26D479600059C2FB /* Escritura.cpp */,
				6549B89E26D4795E0059C2FB /* Escritura.hpp */,
				654D4A9A26D5B7B900F1F12A /* AnytimeRecorder.cpp */,
				654D4A9B26D5B7BA00F1F12A /* AnytimeRecorder.hpp */,
				6549B89926D4795D0059C2FB /* Estructuras.hpp */,
				6549B8A726D4795F0059C2FB /* GreedyBaseline.cpp */,
				6549B8A926D4795F0059C2FB /* GreedyBaseline.hpp */,
				6549B8A326D4795E0059C2FB /* GreedyPorAfinidad.cpp */,
				6549B8AD26D479600059C2FB /* GreedyPorAfinidad.hpp */,
				6549B8E326D479650059C2FB /* HolderPredictor.hpp */,
				6549B8BA26D479610059C2FB /* HolderSolver.hpp */,
				6549B8B126D479600059C2FB /* Incompatibilidades.cpp */,
				6549B8AB26D4795F0059C2FB /* Incompatibilidades.hpp */,
				6549B8DD26D479640059C2FB /* keras_model.cc */,
				6549B8A126D4795E0059C2FB /* keras_model.h */,
				6549B89A26D4795D0059C2FB /* Kitral.cpp */,
				6549B8B326D479610059C2FB /* Kitral.hpp */,
				6549B8DE26D479640059C2FB /* Lectura.hpp */,
				6549B8D226D479620059C2FB /* Logging.cpp */,
				6549B8DA26D479630059C2FB /* Logging.hpp */,
				6549B8E526D479650059C2FB /* makefile */,
				6549B8E126D479640059C2FB /* Managers.cpp */,
				6549B89626D4795D0059C2FB /* Managers.hpp */,
				6549B8D426D479620059C2FB /* NN */,
				6549B8AE26D479600059C2FB /* Parametros.cpp */,
				6549B89726D4795D0059C2FB /* Parametros.hpp */,
				6549B8A526D4795E0059C2FB /* ParametrosDefault */,
				6549B8A026D4795E0059C2FB /* Parsing.cpp */,
				6549B8DC26D479630059C2FB /* Parsing.hpp */,
				6549B8A626D4795F0059C2FB /* Predictor.hpp */,
				6549B89B26D4795D0059C2FB /* RandomizedGreedy.cpp */,
				6549B8AA26D4795F0059C2FB /* RandomizedGreedy.hpp */,
				6549B89C26D4795D0059C2FB /* RedNeuronal.cpp */,
				6549B8A826D4795F0059C2FB /* RedNeuronal.hpp */,
				6549B89D26D4795D0059C2FB /* Solver.cpp */,
				6549B8AC26D4795F0059C2FB /* Solver.hpp */,
				6549B8E226D479650059C2FB /* Tests.hpp */,
				6549B8B626D479610059C2FB /* Toy Datasets */,
				6549B88D26D4785C0059C2FB /* Products */,
				6549B8F726D47AF90059C2FB /* Frameworks */,
			);
			sourceTree = "<group>";
		};
		6549B88D26D4785C0059C2FB /* Products */ = {
			isa = PBXGroup;
			children = (
				6549B88C26D4785C0059C2FB /* solver-incendios */,
			);
			name = Products;
			sourceTree = "<group>";
		};
		6549B8B626D479610059C2FB /* Toy Datasets */ = {
			isa = PBXGroup;
			children = (
				6549B8B726D479610059C2FB /* 4incendios.txt */,
				6549B8B826D479610059C2FB /* 2incendio.txt */,
				6549B8B926D479610059C2FB /* 1incendio.txt */,
			);
			path = "Toy Datasets";
			sourceTree = "<group>";
		};
		6549B8D426D479620059C2FB /* NN */ = {
			isa = PBXGroup;
			children = (
				6549B8D526D479620059C2FB /* Area */,
				6549B8D726D479620059C2FB /* Perimetro */,
			);
			path = NN;
			sourceTree = "<group>";
		};
		6549B8D526D479620059C2FB /* Area */ = {
			isa = PBXGroup;
			children = (
				6549B8D626D479620059C2FB /* area.dumped */,
			);
			path = Area;
			sourceTree = "<group>";
		};
		6549B8D726D479620059C2FB /* Perimetro */ = {
			isa = PBXGroup;
			children = (
				6549B8D826D479620059C2FB /* perimetro.dumped */,
			);
			path = Perimetro;
			sourceTree = "<group>";
		};
		6549B8F726D47AF90059C2FB /* Frameworks */ = {
			isa = PBXGroup;
			children = (
				6549B8FA26D47AFE0059C2FB /* libgurobi90.dylib */,
				6549B8F826D47AF90059C2FB /* libgurobi90_light.dylib */,
			);
			name = Frameworks;
			sourceTree = "<group>";
		};
/* End PBXGroup section */

/* Begin PBXNativeTarget section */
		6549B88B26D4785C0059C2FB /* solver-incendios */ = {
			isa = PBXNativeTarget;
			buildConfigurationList = 6549B89326D4785C0059C2FB /* Build configuration list for PBXNativeTarget "solver-incendios" */;
			buildPhases = (
				6549B88826D4785C0059C2FB /* Sources */,
				6549B88926D4785C0059C2FB /* Frameworks */,
				6549B88A26D4785C0059C2FB /* CopyFiles */,
			);
			buildRules = (
			);
			dependencies = (
			);
			name = "solver-incendios";
			productName = "solver-incendios";
			productReference = 6549B88C26D4785C0059C2FB /* solver-incendios */;
			productType = "com.apple.product-type.tool";
		};
/* End PBXNativeTarget section */

/* Begin PBXProject section */
		6549B88426D4785C0059C2FB /* Project object */ = {
			isa = PBXProject;
			attributes = {
				LastUpgradeCheck = 1010;
				ORGANIZATIONNAME = "Daniel Neira";
				TargetAttributes = {
					6549B88B26D4785C0059C2FB = {
						CreatedOnToolsVersion = 10.1;
					};
				};
			};
			buildConfigurationList = 6549B88726D4785C0059C2FB /* Build configuration list for PBXProject "solver-incendios" */;
			compatibilityVersion = "Xcode 9.3";
			developmentRegion = en;
			hasScannedForEncodings = 0;
			knownRegions = (
				en,
			);
			mainGroup = 6549B88326D4785C0059C2FB;
			productRefGroup = 6549B88D26D4785C0059C2FB /* Products */;
			projectDirPath = "";
			projectRoot = "";
			targets = (
				6549B88B26D4785C0059C2FB /* solver-incendios */,
			);
		};
/* End PBXProject section */

/* Begin PBXSourcesBuildPhase section */
		6549B88826D4785C0059C2FB /* Sources */ = {
			isa = PBXSourcesBuildPhase;
			buildActionMask = 2147483647;
			files = (
				6549B8EE26D479660059C2FB /* Parametros.cpp in Sources */,
				6549B8E726D479660059C2FB /* RandomizedGreedy.cpp in Sources */,
				6549B8EB26D479660059C2FB /* GreedyPorAfinidad.cpp in Sources */,
				6549B8F126D479660059C2FB /* CommandLine.cpp in Sources */,
				6549B8EA26D479660059C2FB /* Parsing.cpp in Sources */,
				6549B8FE26D47CE10059C2FB /* main.cpp in Sources */,
				6549B8F326D479660059C2FB /* Logging.cpp in Sources */,
				6549B8E826D479660059C2FB /* RedNeuronal.cpp in Sources */,
				6549B8EC26D479660059C2FB /* Calculos.cpp in Sources */,
				6549B8EF26D479660059C2FB /* Escritura.cpp in Sources */,
				6549B8E926D479660059C2FB /* Solver.cpp in Sources */,
				6549B8F426D479660059C2FB /* keras_model.cc in Sources */,
				6549B8F526D479660059C2FB /* Managers.cpp in Sources */,
				654D4A9C26D5B7BA00F1F12A /* AnytimeRecorder.cpp in Sources */,
				6549B8F226D479660059C2FB /* BruteForce.cpp in Sources */,
				6549B8ED26D479660059C2FB /* GreedyBaseline.cpp in Sources */,
				6549B8E626D479660059C2FB /* Kitral.cpp in Sources */,
				6549B8F026D479660059C2FB /* Incompatibilidades.cpp in Sources */,
			);
			runOnlyForDeploymentPostprocessing = 0;
		};
/* End PBXSourcesBuildPhase section */

/* Begin XCBuildConfiguration section */
		6549B89126D4785C0059C2FB /* Debug */ = {
			isa = XCBuildConfiguration;
			buildSettings = {
				ALWAYS_SEARCH_USER_PATHS = NO;
				CLANG_ANALYZER_NONNULL = YES;
				CLANG_ANALYZER_NUMBER_OBJECT_CONVERSION = YES_AGGRESSIVE;
				CLANG_CXX_LANGUAGE_STANDARD = "gnu++14";
				CLANG_CXX_LIBRARY = "libc++";
				CLANG_ENABLE_MODULES = YES;
				CLANG_ENABLE_OBJC_ARC = YES;
				CLANG_ENABLE_OBJC_WEAK = YES;
				CLANG_WARN_BLOCK_CAPTURE_AUTORELEASING = YES;
				CLANG_WARN_BOOL_CONVERSION = YES;
				CLANG_WARN_COMMA = YES;
				CLANG_WARN_CONSTANT_CONVERSION = YES;
				CLANG_WARN_DEPRECATED_OBJC_IMPLEMENTATIONS = YES;
				CLANG_WARN_DIRECT_OBJC_ISA_USAGE = YES_ERROR;
				CLANG_WARN_DOCUMENTATION_COMMENTS = YES;
				CLANG_WARN_EMPTY_BODY = YES;
				CLANG_WARN_ENUM_CONVERSION = YES;
				CLANG_WARN_INFINITE_RECURSION = YES;
				CLANG_WARN_INT_CONVERSION = YES;
				CLANG_WARN_NON_LITERAL_NULL_CONVERSION = YES;
				CLANG_WARN_OBJC_IMPLICIT_RETAIN_SELF = YES;
				CLANG_WARN_OBJC_LITERAL_CONVERSION = YES;
				CLANG_WARN_OBJC_ROOT_CLASS = YES_ERROR;
				CLANG_WARN_RANGE_LOOP_ANALYSIS = YES;
				CLANG_WARN_STRICT_PROTOTYPES = YES;
				CLANG_WARN_SUSPICIOUS_MOVE = YES;
				CLANG_WARN_UNGUARDED_AVAILABILITY = YES_AGGRESSIVE;
				CLANG_WARN_UNREACHABLE_CODE = YES;
				CLANG_WARN__DUPLICATE_METHOD_MATCH = YES;
				CODE_SIGN_IDENTITY = "-";
				COPY_PHASE_STRIP = NO;
				DEBUG_INFORMATION_FORMAT = dwarf;
				ENABLE_STRICT_OBJC_MSGSEND = YES;
				ENABLE_TESTABILITY = YES;
				GCC_C_LANGUAGE_STANDARD = gnu11;
				GCC_DYNAMIC_NO_PIC = NO;
				GCC_NO_COMMON_BLOCKS = YES;
				GCC_OPTIMIZATION_LEVEL = 0;
				GCC_PREPROCESSOR_DEFINITIONS = (
					"DEBUG=1",
					"$(inherited)",
				);
				GCC_WARN_64_TO_32_BIT_CONVERSION = YES;
				GCC_WARN_ABOUT_RETURN_TYPE = YES_ERROR;
				GCC_WARN_UNDECLARED_SELECTOR = YES;
				GCC_WARN_UNINITIALIZED_AUTOS = YES_AGGRESSIVE;
				GCC_WARN_UNUSED_FUNCTION = YES;
				GCC_WARN_UNUSED_VARIABLE = YES;
				MACOSX_DEPLOYMENT_TARGET = 10.15;
				MTL_ENABLE_DEBUG_INFO = INCLUDE_SOURCE;
				MTL_FAST_MATH = YES;
				ONLY_ACTIVE_ARCH = YES;
				SDKROOT = macosx;
			};
			name = Debug;
		};
		6549B89226D4785C0059C2FB /* Release */ = {
			isa = XCBuildConfiguration;
			buildSettings = {
				ALWAYS_SEARCH_USER_PATHS = NO;
				CLANG_ANALYZER_NONNULL = YES;
				CLANG_ANALYZER_NUMBER_OBJECT_CONVERSION = YES_AGGRESSIVE;
				CLANG_CXX_LANGUAGE_STANDARD = "gnu++14";
				CLANG_CXX_LIBRARY = "libc++";
				CLANG_ENABLE_MODULES = YES;
				CLANG_ENABLE_OBJC_ARC = YES;
				CLANG_ENABLE_OBJC_WEAK = YES;
				CLANG_WARN_BLOCK_CAPTURE_AUTORELEASING = YES;
				CLANG_WARN_BOOL_CONVERSION = YES;
				CLANG_WARN_COMMA = YES;
				CLANG_WARN_CONSTANT_CONVERSION = YES;
				CLANG_WARN_DEPRECATED_OBJC_IMPLEMENTATIONS = YES;
				CLANG_WARN_DIRECT_OBJC_ISA_USAGE = YES_ERROR;
				CLANG_WARN_DOCUMENTATION_COMMENTS = YES;
				CLANG_WARN_EMPTY_BODY = YES;
				CLANG_WARN_ENUM_CONVERSION = YES;
				CLANG_WARN_INFINITE_RECURSION = YES;
				CLANG_WARN_INT_CONVERSION = YES;
				CLANG_WARN_NON_LITERAL_NULL_CONVERSION = YES;
				CLANG_WARN_OBJC_IMPLICIT_RETAIN_SELF = YES;
				CLANG_WARN_OBJC_LITERAL_CONVERSION = YES;
				CLANG_WARN_OBJC_ROOT_CLASS = YES_ERROR;
				CLANG_WARN_RANGE_LOOP_ANALYSIS = YES;
				CLANG_WARN_STRICT_PROTOTYPES = YES;
				CLANG_WARN_SUSPICIOUS_MOVE = YES;
				CLANG_WARN_UNGUARDED_AVAILABILITY = YES_AGGRESSIVE;
				CLANG_WARN_UNREACHABLE_CODE = YES;
				CLANG_WARN__DUPLICATE_METHOD_MATCH = YES;
				CODE_SIGN_IDENTITY = "-";
				COPY_PHASE_STRIP = NO;
				DEBUG_INFORMATION_FORMAT = "dwarf-with-dsym";
				ENABLE_NS_ASSERTIONS = NO;
				ENABLE_STRICT_OBJC_MSGSEND = YES;
				GCC_C_LANGUAGE_STANDARD = gnu11;
				GCC_NO_COMMON_BLOCKS = YES;
				GCC_WARN_64_TO_32_BIT_CONVERSION = YES;
				GCC_WARN_ABOUT_RETURN_TYPE = YES_ERROR;
				GCC_WARN_UNDECLARED_SELECTOR = YES;
				GCC_WARN_UNINITIALIZED_AUTOS = YES_AGGRESSIVE;
				GCC_WARN_UNUSED_FUNCTION = YES;
				GCC_WARN_UNUSED_VARIABLE = YES;
				MACOSX_DEPLOYMENT_TARGET = 10.15;
				MTL_ENABLE_DEBUG_INFO = NO;
				MTL_FAST_MATH = YES;
				SDKROOT = macosx;
			};
			name = Release;
		};
		6549B89426D4785C0059C2FB /* Debug */ = {
			isa = XCBuildConfiguration;
			buildSettings = {
				CODE_SIGN_STYLE = Automatic;
				HEADER_SEARCH_PATHS = (
					/usr/local/include,
					/Library/gurobi903/mac64/include,
				);
				LIBRARY_SEARCH_PATHS = (
					/usr/local/lib,
					/Library/gurobi903/mac64/lib,
				);
				MACOSX_DEPLOYMENT_TARGET = 10.14;
				PRODUCT_NAME = "$(TARGET_NAME)";
			};
			name = Debug;
		};
		6549B89526D4785C0059C2FB /* Release */ = {
			isa = XCBuildConfiguration;
			buildSettings = {
				CODE_SIGN_STYLE = Automatic;
				HEADER_SEARCH_PATHS = (
					/usr/local/include,
					/Library/gurobi903/mac64/include,
				);
				LIBRARY_SEARCH_PATHS = (
					/usr/local/lib,
					/Library/gurobi903/mac64/lib,
				);
				MACOSX_DEPLOYMENT_TARGET = 10.14;
				PRODUCT_NAME = "$(TARGET_NAME)";
			};
			name = Release;
		};
/* End XCBuildConfiguration section */

/* Begin XCConfigurationList section */
		6549B88726D4785C0059C2FB /* Build configuration list for PBXProject "solver-incendios" */ = {
			isa = XCConfigurationList;
			buildConfigurations = (
				6549B89126D4785C0059C2FB /* Debug */,
				6549B89226D4785C0059C2FB /* Release */,
			);
			defaultConfigurationIsVisible = 0;
			defaultConfigurationName = Release;
		};
		6549B89326D4785C0059C2FB /* Build configuration list for PBXNativeTarget "solver-incendios" */ = {
			isa = XCConfigurationList;
			buildConfigurations = (
				6549B89426D4785C0059C2FB /* Debug */,
				6549B89526D4785C0059C2FB /* Release */,
			);
			defaultConfigurationIsVisible = 0;
			defaultConfigurationName = Release;
		};
/* End XCConfigurationList section */
	};
	rootObject = 6549B88426D4785C0059C2FB /* Project object */;
}
